
Microsoft Visual Studio Solution File, Format Version 12.00
# Visual Studio 15
VisualStudioVersion = 15.0.28307.168
MinimumVisualStudioVersion = 10.0.40219.1
Project("{FAE04EC0-301F-11D3-BF4B-00C04F79EFBC}") = "Engine", "Engine\Engine.csproj", "{0075326C-18BE-4E6F-8600-83C4B397AAA3}"
EndProject
Global
	GlobalSection(SolutionConfigurationPlatforms) = preSolution
		Debug|Any CPU = Debug|Any CPU
		Release|Any CPU = Release|Any CPU
	EndGlobalSection
	GlobalSection(ProjectConfigurationPlatforms) = postSolution
		{0075326C-18BE-4E6F-8600-83C4B397AAA3}.Debug|Any CPU.ActiveCfg = Debug|Any CPU
		{0075326C-18BE-4E6F-8600-83C4B397AAA3}.Debug|Any CPU.Build.0 = Debug|Any CPU
		{0075326C-18BE-4E6F-8600-83C4B397AAA3}.Release|Any CPU.ActiveCfg = Release|Any CPU
		{0075326C-18BE-4E6F-8600-83C4B397AAA3}.Release|Any CPU.Build.0 = Release|Any CPU
	EndGlobalSection
	GlobalSection(SolutionProperties) = preSolution
		HideSolutionNode = FALSE
	EndGlobalSection
	GlobalSection(ExtensibilityGlobals) = postSolution
		SolutionGuid = {B1890041-2B99-40A2-BC7F-FCA32490D393}
	EndGlobalSection
EndGlobal
