
Microsoft Visual Studio Solution File, Format Version 12.00
# Visual Studio 15
VisualStudioVersion = 15.0.28307.168
MinimumVisualStudioVersion = 10.0.40219.1
Project("{FAE04EC0-301F-11D3-BF4B-00C04F79EFBC}") = "C-Compiler", "C-Compiler\C-Compiler.csproj", "{3D53971F-E04C-4E9D-AFB6-3B4A132426EE}"
EndProject
Global
	GlobalSection(SolutionConfigurationPlatforms) = preSolution
		Debug|Any CPU = Debug|Any CPU
		Release|Any CPU = Release|Any CPU
	EndGlobalSection
	GlobalSection(ProjectConfigurationPlatforms) = postSolution
		{3D53971F-E04C-4E9D-AFB6-3B4A132426EE}.Debug|Any CPU.ActiveCfg = Debug|Any CPU
		{3D53971F-E04C-4E9D-AFB6-3B4A132426EE}.Debug|Any CPU.Build.0 = Debug|Any CPU
		{3D53971F-E04C-4E9D-AFB6-3B4A132426EE}.Release|Any CPU.ActiveCfg = Release|Any CPU
		{3D53971F-E04C-4E9D-AFB6-3B4A132426EE}.Release|Any CPU.Build.0 = Release|Any CPU
	EndGlobalSection
	GlobalSection(SolutionProperties) = preSolution
		HideSolutionNode = FALSE
	EndGlobalSection
	GlobalSection(ExtensibilityGlobals) = postSolution
		SolutionGuid = {DD2DA256-DA3A-4D24-80CE-E62BEB4C01ED}
	EndGlobalSection
EndGlobal
